
Microsoft Visual Studio Solution File, Format Version 12.00
# Visual Studio Version 17
VisualStudioVersion = 17.3.32819.101
MinimumVisualStudioVersion = 10.0.40219.1
Project("{FAE04EC0-301F-11D3-BF4B-00C04F79EFBC}") = "web_req_volcano", "web_req_volcano\web_req_volcano.csproj", "{C982CCA7-8A7E-4A58-BC43-F05663A21ABC}"
EndProject
Global
	GlobalSection(SolutionConfigurationPlatforms) = preSolution
		Debug|Any CPU = Debug|Any CPU
		Release|Any CPU = Release|Any CPU
	EndGlobalSection
	GlobalSection(ProjectConfigurationPlatforms) = postSolution
		{C982CCA7-8A7E-4A58-BC43-F05663A21ABC}.Debug|Any CPU.ActiveCfg = Debug|Any CPU
		{C982CCA7-8A7E-4A58-BC43-F05663A21ABC}.Debug|Any CPU.Build.0 = Debug|Any CPU
		{C982CCA7-8A7E-4A58-BC43-F05663A21ABC}.Release|Any CPU.ActiveCfg = Release|Any CPU
		{C982CCA7-8A7E-4A58-BC43-F05663A21ABC}.Release|Any CPU.Build.0 = Release|Any CPU
	EndGlobalSection
	GlobalSection(SolutionProperties) = preSolution
		HideSolutionNode = FALSE
	EndGlobalSection
	GlobalSection(ExtensibilityGlobals) = postSolution
		SolutionGuid = {D948E0A4-FD5D-456A-8BC2-ED99843AE8E6}
	EndGlobalSection
EndGlobal
